// !$*UTF8*$!
{
	archiveVersion = 1;
	classes = {
	};
	objectVersion = 56;
	objects = {

/* Begin PBXBuildFile section */
		B6D219302C78961D009B82A0 /* VacationinVegasApp.swift in Sources */ = {isa = PBXBuildFile; fileRef = B6D2192F2C78961D009B82A0 /* VacationinVegasApp.swift */; };
		B6D219322C78961D009B82A0 /* ContentView.swift in Sources */ = {isa = PBXBuildFile; fileRef = B6D219312C78961D009B82A0 /* ContentView.swift */; };
		B6D219342C78961F009B82A0 /* Assets.xcassets in Resources */ = {isa = PBXBuildFile; fileRef = B6D219332C78961F009B82A0 /* Assets.xcassets */; };
		B6D219372C78961F009B82A0 /* Preview Assets.xcassets in Resources */ = {isa = PBXBuildFile; fileRef = B6D219362C78961F009B82A0 /* Preview Assets.xcassets */; };
		B6D219412C789620009B82A0 /* VacationinVegasTests.swift in Sources */ = {isa = PBXBuildFile; fileRef = B6D219402C789620009B82A0 /* VacationinVegasTests.swift */; };
		B6D2194B2C789620009B82A0 /* VacationinVegasUITests.swift in Sources */ = {isa = PBXBuildFile; fileRef = B6D2194A2C789620009B82A0 /* VacationinVegasUITests.swift */; };
		B6D2194D2C789620009B82A0 /* VacationinVegasUITestsLaunchTests.swift in Sources */ = {isa = PBXBuildFile; fileRef = B6D2194C2C789620009B82A0 /* VacationinVegasUITestsLaunchTests.swift */; };
/* End PBXBuildFile section */

/* Begin PBXContainerItemProxy section */
		B6D2193D2C789620009B82A0 /* PBXContainerItemProxy */ = {
			isa = PBXContainerItemProxy;
			containerPortal = B6D219242C78961D009B82A0 /* Project object */;
			proxyType = 1;
			remoteGlobalIDString = B6D2192B2C78961D009B82A0;
			remoteInfo = VacationinVegas;
		};
		B6D219472C789620009B82A0 /* PBXContainerItemProxy */ = {
			isa = PBXContainerItemProxy;
			containerPortal = B6D219242C78961D009B82A0 /* Project object */;
			proxyType = 1;
			remoteGlobalIDString = B6D2192B2C78961D009B82A0;
			remoteInfo = VacationinVegas;
		};
/* End PBXContainerItemProxy section */

/* Begin PBXFileReference section */
		B6D2192C2C78961D009B82A0 /* VacationinVegas.app */ = {isa = PBXFileReference; explicitFileType = wrapper.application; includeInIndex = 0; path = VacationinVegas.app; sourceTree = BUILT_PRODUCTS_DIR; };
		B6D2192F2C78961D009B82A0 /* VacationinVegasApp.swift */ = {isa = PBXFileReference; lastKnownFileType = sourcecode.swift; path = VacationinVegasApp.swift; sourceTree = "<group>"; };
		B6D219312C78961D009B82A0 /* ContentView.swift */ = {isa = PBXFileReference; lastKnownFileType = sourcecode.swift; path = ContentView.swift; sourceTree = "<group>"; };
		B6D219332C78961F009B82A0 /* Assets.xcassets */ = {isa = PBXFileReference; lastKnownFileType = folder.assetcatalog; path = Assets.xcassets; sourceTree = "<group>"; };
		B6D219362C78961F009B82A0 /* Preview Assets.xcassets */ = {isa = PBXFileReference; lastKnownFileType = folder.assetcatalog; path = "Preview Assets.xcassets"; sourceTree = "<group>"; };
		B6D2193C2C789620009B82A0 /* VacationinVegasTests.xctest */ = {isa = PBXFileReference; explicitFileType = wrapper.cfbundle; includeInIndex = 0; path = VacationinVegasTests.xctest; sourceTree = BUILT_PRODUCTS_DIR; };
		B6D219402C789620009B82A0 /* VacationinVegasTests.swift */ = {isa = PBXFileReference; lastKnownFileType = sourcecode.swift; path = VacationinVegasTests.swift; sourceTree = "<group>"; };
		B6D219462C789620009B82A0 /* VacationinVegasUITests.xctest */ = {isa = PBXFileReference; explicitFileType = wrapper.cfbundle; includeInIndex = 0; path = VacationinVegasUITests.xctest; sourceTree = BUILT_PRODUCTS_DIR; };
		B6D2194A2C789620009B82A0 /* VacationinVegasUITests.swift */ = {isa = PBXFileReference; lastKnownFileType = sourcecode.swift; path = VacationinVegasUITests.swift; sourceTree = "<group>"; };
		B6D2194C2C789620009B82A0 /* VacationinVegasUITestsLaunchTests.swift */ = {isa = PBXFileReference; lastKnownFileType = sourcecode.swift; path = VacationinVegasUITestsLaunchTests.swift; sourceTree = "<group>"; };
/* End PBXFileReference section */

/* Begin PBXFrameworksBuildPhase section */
		B6D219292C78961D009B82A0 /* Frameworks */ = {
			isa = PBXFrameworksBuildPhase;
			buildActionMask = 2147483647;
			files = (
			);
			runOnlyForDeploymentPostprocessing = 0;
		};
		B6D219392C789620009B82A0 /* Frameworks */ = {
			isa = PBXFrameworksBuildPhase;
			buildActionMask = 2147483647;
			files = (
			);
			runOnlyForDeploymentPostprocessing = 0;
		};
		B6D219432C789620009B82A0 /* Frameworks */ = {
			isa = PBXFrameworksBuildPhase;
			buildActionMask = 2147483647;
			files = (
			);
			runOnlyForDeploymentPostprocessing = 0;
		};
/* End PBXFrameworksBuildPhase section */

/* Begin PBXGroup section */
		B6D219232C78961D009B82A0 = {
			isa = PBXGroup;
			children = (
				B6D2192E2C78961D009B82A0 /* VacationinVegas */,
				B6D2193F2C789620009B82A0 /* VacationinVegasTests */,
				B6D219492C789620009B82A0 /* VacationinVegasUITests */,
				B6D2192D2C78961D009B82A0 /* Products */,
			);
			sourceTree = "<group>";
		};
		B6D2192D2C78961D009B82A0 /* Products */ = {
			isa = PBXGroup;
			children = (
				B6D2192C2C78961D009B82A0 /* VacationinVegas.app */,
				B6D2193C2C789620009B82A0 /* VacationinVegasTests.xctest */,
				B6D219462C789620009B82A0 /* VacationinVegasUITests.xctest */,
			);
			name = Products;
			sourceTree = "<group>";
		};
		B6D2192E2C78961D009B82A0 /* VacationinVegas */ = {
			isa = PBXGroup;
			children = (
				B6D2192F2C78961D009B82A0 /* VacationinVegasApp.swift */,
				B6D219312C78961D009B82A0 /* ContentView.swift */,
				B6D219332C78961F009B82A0 /* Assets.xcassets */,
				B6D219352C78961F009B82A0 /* Preview Content */,
			);
			path = VacationinVegas;
			sourceTree = "<group>";
		};
		B6D219352C78961F009B82A0 /* Preview Content */ = {
			isa = PBXGroup;
			children = (
				B6D219362C78961F009B82A0 /* Preview Assets.xcassets */,
			);
			path = "Preview Content";
			sourceTree = "<group>";
		};
		B6D2193F2C789620009B82A0 /* VacationinVegasTests */ = {
			isa = PBXGroup;
			children = (
				B6D219402C789620009B82A0 /* VacationinVegasTests.swift */,
			);
			path = VacationinVegasTests;
			sourceTree = "<group>";
		};
		B6D219492C789620009B82A0 /* VacationinVegasUITests */ = {
			isa = PBXGroup;
			children = (
				B6D2194A2C789620009B82A0 /* VacationinVegasUITests.swift */,
				B6D2194C2C789620009B82A0 /* VacationinVegasUITestsLaunchTests.swift */,
			);
			path = VacationinVegasUITests;
			sourceTree = "<group>";
		};
/* End PBXGroup section */

/* Begin PBXNativeTarget section */
		B6D2192B2C78961D009B82A0 /* VacationinVegas */ = {
			isa = PBXNativeTarget;
			buildConfigurationList = B6D219502C789620009B82A0 /* Build configuration list for PBXNativeTarget "VacationinVegas" */;
			buildPhases = (
				B6D219282C78961D009B82A0 /* Sources */,
				B6D219292C78961D009B82A0 /* Frameworks */,
				B6D2192A2C78961D009B82A0 /* Resources */,
			);
			buildRules = (
			);
			dependencies = (
			);
			name = VacationinVegas;
			productName = VacationinVegas;
			productReference = B6D2192C2C78961D009B82A0 /* VacationinVegas.app */;
			productType = "com.apple.product-type.application";
		};
		B6D2193B2C789620009B82A0 /* VacationinVegasTests */ = {
			isa = PBXNativeTarget;
			buildConfigurationList = B6D219532C789620009B82A0 /* Build configuration list for PBXNativeTarget "VacationinVegasTests" */;
			buildPhases = (
				B6D219382C789620009B82A0 /* Sources */,
				B6D219392C789620009B82A0 /* Frameworks */,
				B6D2193A2C789620009B82A0 /* Resources */,
			);
			buildRules = (
			);
			dependencies = (
				B6D2193E2C789620009B82A0 /* PBXTargetDependency */,
			);
			name = VacationinVegasTests;
			productName = VacationinVegasTests;
			productReference = B6D2193C2C789620009B82A0 /* VacationinVegasTests.xctest */;
			productType = "com.apple.product-type.bundle.unit-test";
		};
		B6D219452C789620009B82A0 /* VacationinVegasUITests */ = {
			isa = PBXNativeTarget;
			buildConfigurationList = B6D219562C789620009B82A0 /* Build configuration list for PBXNativeTarget "VacationinVegasUITests" */;
			buildPhases = (
				B6D219422C789620009B82A0 /* Sources */,
				B6D219432C789620009B82A0 /* Frameworks */,
				B6D219442C789620009B82A0 /* Resources */,
			);
			buildRules = (
			);
			dependencies = (
				B6D219482C789620009B82A0 /* PBXTargetDependency */,
			);
			name = VacationinVegasUITests;
			productName = VacationinVegasUITests;
			productReference = B6D219462C789620009B82A0 /* VacationinVegasUITests.xctest */;
			productType = "com.apple.product-type.bundle.ui-testing";
		};
/* End PBXNativeTarget section */

/* Begin PBXProject section */
		B6D219242C78961D009B82A0 /* Project object */ = {
			isa = PBXProject;
			attributes = {
				BuildIndependentTargetsInParallel = 1;
				LastSwiftUpdateCheck = 1540;
				LastUpgradeCheck = 1540;
				TargetAttributes = {
					B6D2192B2C78961D009B82A0 = {
						CreatedOnToolsVersion = 15.4;
					};
					B6D2193B2C789620009B82A0 = {
						CreatedOnToolsVersion = 15.4;
						TestTargetID = B6D2192B2C78961D009B82A0;
					};
					B6D219452C789620009B82A0 = {
						CreatedOnToolsVersion = 15.4;
						TestTargetID = B6D2192B2C78961D009B82A0;
					};
				};
			};
			buildConfigurationList = B6D219272C78961D009B82A0 /* Build configuration list for PBXProject "VacationinVegas" */;
			compatibilityVersion = "Xcode 14.0";
			developmentRegion = en;
			hasScannedForEncodings = 0;
			knownRegions = (
				en,
				Base,
			);
			mainGroup = B6D219232C78961D009B82A0;
			productRefGroup = B6D2192D2C78961D009B82A0 /* Products */;
			projectDirPath = "";
			projectRoot = "";
			targets = (
				B6D2192B2C78961D009B82A0 /* VacationinVegas */,
				B6D2193B2C789620009B82A0 /* VacationinVegasTests */,
				B6D219452C789620009B82A0 /* VacationinVegasUITests */,
			);
		};
/* End PBXProject section */

/* Begin PBXResourcesBuildPhase section */
		B6D2192A2C78961D009B82A0 /* Resources */ = {
			isa = PBXResourcesBuildPhase;
			buildActionMask = 2147483647;
			files = (
				B6D219372C78961F009B82A0 /* Preview Assets.xcassets in Resources */,
				B6D219342C78961F009B82A0 /* Assets.xcassets in Resources */,
			);
			runOnlyForDeploymentPostprocessing = 0;
		};
		B6D2193A2C789620009B82A0 /* Resources */ = {
			isa = PBXResourcesBuildPhase;
			buildActionMask = 2147483647;
			files = (
			);
			runOnlyForDeploymentPostprocessing = 0;
		};
		B6D219442C789620009B82A0 /* Resources */ = {
			isa = PBXResourcesBuildPhase;
			buildActionMask = 2147483647;
			files = (
			);
			runOnlyForDeploymentPostprocessing = 0;
		};
/* End PBXResourcesBuildPhase section */

/* Begin PBXSourcesBuildPhase section */
		B6D219282C78961D009B82A0 /* Sources */ = {
			isa = PBXSourcesBuildPhase;
			buildActionMask = 2147483647;
			files = (
				B6D219322C78961D009B82A0 /* ContentView.swift in Sources */,
				B6D219302C78961D009B82A0 /* VacationinVegasApp.swift in Sources */,
			);
			runOnlyForDeploymentPostprocessing = 0;
		};
		B6D219382C789620009B82A0 /* Sources */ = {
			isa = PBXSourcesBuildPhase;
			buildActionMask = 2147483647;
			files = (
				B6D219412C789620009B82A0 /* VacationinVegasTests.swift in Sources */,
			);
			runOnlyForDeploymentPostprocessing = 0;
		};
		B6D219422C789620009B82A0 /* Sources */ = {
			isa = PBXSourcesBuildPhase;
			buildActionMask = 2147483647;
			files = (
				B6D2194B2C789620009B82A0 /* VacationinVegasUITests.swift in Sources */,
				B6D2194D2C789620009B82A0 /* VacationinVegasUITestsLaunchTests.swift in Sources */,
			);
			runOnlyForDeploymentPostprocessing = 0;
		};
/* End PBXSourcesBuildPhase section */

/* Begin PBXTargetDependency section */
		B6D2193E2C789620009B82A0 /* PBXTargetDependency */ = {
			isa = PBXTargetDependency;
			target = B6D2192B2C78961D009B82A0 /* VacationinVegas */;
			targetProxy = B6D2193D2C789620009B82A0 /* PBXContainerItemProxy */;
		};
		B6D219482C789620009B82A0 /* PBXTargetDependency */ = {
			isa = PBXTargetDependency;
			target = B6D2192B2C78961D009B82A0 /* VacationinVegas */;
			targetProxy = B6D219472C789620009B82A0 /* PBXContainerItemProxy */;
		};
/* End PBXTargetDependency section */

/* Begin XCBuildConfiguration section */
		B6D2194E2C789620009B82A0 /* Debug */ = {
			isa = XCBuildConfiguration;
			buildSettings = {
				ALWAYS_SEARCH_USER_PATHS = NO;
				ASSETCATALOG_COMPILER_GENERATE_SWIFT_ASSET_SYMBOL_EXTENSIONS = YES;
				CLANG_ANALYZER_NONNULL = YES;
				CLANG_ANALYZER_NUMBER_OBJECT_CONVERSION = YES_AGGRESSIVE;
				CLANG_CXX_LANGUAGE_STANDARD = "gnu++20";
				CLANG_ENABLE_MODULES = YES;
				CLANG_ENABLE_OBJC_ARC = YES;
				CLANG_ENABLE_OBJC_WEAK = YES;
				CLANG_WARN_BLOCK_CAPTURE_AUTORELEASING = YES;
				CLANG_WARN_BOOL_CONVERSION = YES;
				CLANG_WARN_COMMA = YES;
				CLANG_WARN_CONSTANT_CONVERSION = YES;
				CLANG_WARN_DEPRECATED_OBJC_IMPLEMENTATIONS = YES;
				CLANG_WARN_DIRECT_OBJC_ISA_USAGE = YES_ERROR;
				CLANG_WARN_DOCUMENTATION_COMMENTS = YES;
				CLANG_WARN_EMPTY_BODY = YES;
				CLANG_WARN_ENUM_CONVERSION = YES;
				CLANG_WARN_INFINITE_RECURSION = YES;
				CLANG_WARN_INT_CONVERSION = YES;
				CLANG_WARN_NON_LITERAL_NULL_CONVERSION = YES;
				CLANG_WARN_OBJC_IMPLICIT_RETAIN_SELF = YES;
				CLANG_WARN_OBJC_LITERAL_CONVERSION = YES;
				CLANG_WARN_OBJC_ROOT_CLASS = YES_ERROR;
				CLANG_WARN_QUOTED_INCLUDE_IN_FRAMEWORK_HEADER = YES;
				CLANG_WARN_RANGE_LOOP_ANALYSIS = YES;
				CLANG_WARN_STRICT_PROTOTYPES = YES;
				CLANG_WARN_SUSPICIOUS_MOVE = YES;
				CLANG_WARN_UNGUARDED_AVAILABILITY = YES_AGGRESSIVE;
				CLANG_WARN_UNREACHABLE_CODE = YES;
				CLANG_WARN__DUPLICATE_METHOD_MATCH = YES;
				COPY_PHASE_STRIP = NO;
				DEBUG_INFORMATION_FORMAT = dwarf;
				ENABLE_STRICT_OBJC_MSGSEND = YES;
				ENABLE_TESTABILITY = YES;
				ENABLE_USER_SCRIPT_SANDBOXING = YES;
				GCC_C_LANGUAGE_STANDARD = gnu17;
				GCC_DYNAMIC_NO_PIC = NO;
				GCC_NO_COMMON_BLOCKS = YES;
				GCC_OPTIMIZATION_LEVEL = 0;
				GCC_PREPROCESSOR_DEFINITIONS = (
					"DEBUG=1",
					"$(inherited)",
				);
				GCC_WARN_64_TO_32_BIT_CONVERSION = YES;
				GCC_WARN_ABOUT_RETURN_TYPE = YES_ERROR;
				GCC_WARN_UNDECLARED_SELECTOR = YES;
				GCC_WARN_UNINITIALIZED_AUTOS = YES_AGGRESSIVE;
				GCC_WARN_UNUSED_FUNCTION = YES;
				GCC_WARN_UNUSED_VARIABLE = YES;
				IPHONEOS_DEPLOYMENT_TARGET = 17.5;
				LOCALIZATION_PREFERS_STRING_CATALOGS = YES;
				MTL_ENABLE_DEBUG_INFO = INCLUDE_SOURCE;
				MTL_FAST_MATH = YES;
				ONLY_ACTIVE_ARCH = YES;
				SDKROOT = iphoneos;
				SWIFT_ACTIVE_COMPILATION_CONDITIONS = "DEBUG $(inherited)";
				SWIFT_OPTIMIZATION_LEVEL = "-Onone";
			};
			name = Debug;
		};
		B6D2194F2C789620009B82A0 /* Release */ = {
			isa = XCBuildConfiguration;
			buildSettings = {
				ALWAYS_SEARCH_USER_PATHS = NO;
				ASSETCATALOG_COMPILER_GENERATE_SWIFT_ASSET_SYMBOL_EXTENSIONS = YES;
				CLANG_ANALYZER_NONNULL = YES;
				CLANG_ANALYZER_NUMBER_OBJECT_CONVERSION = YES_AGGRESSIVE;
				CLANG_CXX_LANGUAGE_STANDARD = "gnu++20";
				CLANG_ENABLE_MODULES = YES;
				CLANG_ENABLE_OBJC_ARC = YES;
				CLANG_ENABLE_OBJC_WEAK = YES;
				CLANG_WARN_BLOCK_CAPTURE_AUTORELEASING = YES;
				CLANG_WARN_BOOL_CONVERSION = YES;
				CLANG_WARN_COMMA = YES;
				CLANG_WARN_CONSTANT_CONVERSION = YES;
				CLANG_WARN_DEPRECATED_OBJC_IMPLEMENTATIONS = YES;
				CLANG_WARN_DIRECT_OBJC_ISA_USAGE = YES_ERROR;
				CLANG_WARN_DOCUMENTATION_COMMENTS = YES;
				CLANG_WARN_EMPTY_BODY = YES;
				CLANG_WARN_ENUM_CONVERSION = YES;
				CLANG_WARN_INFINITE_RECURSION = YES;
				CLANG_WARN_INT_CONVERSION = YES;
				CLANG_WARN_NON_LITERAL_NULL_CONVERSION = YES;
				CLANG_WARN_OBJC_IMPLICIT_RETAIN_SELF = YES;
				CLANG_WARN_OBJC_LITERAL_CONVERSION = YES;
				CLANG_WARN_OBJC_ROOT_CLASS = YES_ERROR;
				CLANG_WARN_QUOTED_INCLUDE_IN_FRAMEWORK_HEADER = YES;
				CLANG_WARN_RANGE_LOOP_ANALYSIS = YES;
				CLANG_WARN_STRICT_PROTOTYPES = YES;
				CLANG_WARN_SUSPICIOUS_MOVE = YES;
				CLANG_WARN_UNGUARDED_AVAILABILITY = YES_AGGRESSIVE;
				CLANG_WARN_UNREACHABLE_CODE = YES;
				CLANG_WARN__DUPLICATE_METHOD_MATCH = YES;
				COPY_PHASE_STRIP = NO;
				DEBUG_INFORMATION_FORMAT = "dwarf-with-dsym";
				ENABLE_NS_ASSERTIONS = NO;
				ENABLE_STRICT_OBJC_MSGSEND = YES;
				ENABLE_USER_SCRIPT_SANDBOXING = YES;
				GCC_C_LANGUAGE_STANDARD = gnu17;
				GCC_NO_COMMON_BLOCKS = YES;
				GCC_WARN_64_TO_32_BIT_CONVERSION = YES;
				GCC_WARN_ABOUT_RETURN_TYPE = YES_ERROR;
				GCC_WARN_UNDECLARED_SELECTOR = YES;
				GCC_WARN_UNINITIALIZED_AUTOS = YES_AGGRESSIVE;
				GCC_WARN_UNUSED_FUNCTION = YES;
				GCC_WARN_UNUSED_VARIABLE = YES;
				IPHONEOS_DEPLOYMENT_TARGET = 17.5;
				LOCALIZATION_PREFERS_STRING_CATALOGS = YES;
				MTL_ENABLE_DEBUG_INFO = NO;
				MTL_FAST_MATH = YES;
				SDKROOT = iphoneos;
				SWIFT_COMPILATION_MODE = wholemodule;
				VALIDATE_PRODUCT = YES;
			};
			name = Release;
		};
		B6D219512C789620009B82A0 /* Debug */ = {
			isa = XCBuildConfiguration;
			buildSettings = {
				ASSETCATALOG_COMPILER_APPICON_NAME = AppIcon;
				ASSETCATALOG_COMPILER_GLOBAL_ACCENT_COLOR_NAME = AccentColor;
				CODE_SIGN_STYLE = Automatic;
				CURRENT_PROJECT_VERSION = 1;
				DEVELOPMENT_ASSET_PATHS = "\"VacationinVegas/Preview Content\"";
				DEVELOPMENT_TEAM = 7Z94ZUPP46;
				ENABLE_PREVIEWS = YES;
				GENERATE_INFOPLIST_FILE = YES;
				INFOPLIST_KEY_UIApplicationSceneManifest_Generation = YES;
				INFOPLIST_KEY_UIApplicationSupportsIndirectInputEvents = YES;
				INFOPLIST_KEY_UILaunchScreen_Generation = YES;
				INFOPLIST_KEY_UISupportedInterfaceOrientations_iPad = "UIInterfaceOrientationPortrait UIInterfaceOrientationPortraitUpsideDown UIInterfaceOrientationLandscapeLeft UIInterfaceOrientationLandscapeRight";
				INFOPLIST_KEY_UISupportedInterfaceOrientations_iPhone = "UIInterfaceOrientationPortrait UIInterfaceOrientationLandscapeLeft UIInterfaceOrientationLandscapeRight";
				LD_RUNPATH_SEARCH_PATHS = (
					"$(inherited)",
					"@executable_path/Frameworks",
				);
				MARKETING_VERSION = 1.0;
				PRODUCT_BUNDLE_IDENTIFIER = ellearz.VacationinVegas;
				PRODUCT_NAME = "$(TARGET_NAME)";
				SWIFT_EMIT_LOC_STRINGS = YES;
				SWIFT_VERSION = 5.0;
				TARGETED_DEVICE_FAMILY = "1,2";
			};
			name = Debug;
		};
		B6D219522C789620009B82A0 /* Release */ = {
			isa = XCBuildConfiguration;
			buildSettings = {
				ASSETCATALOG_COMPILER_APPICON_NAME = AppIcon;
				ASSETCATALOG_COMPILER_GLOBAL_ACCENT_COLOR_NAME = AccentColor;
				CODE_SIGN_STYLE = Automatic;
				CURRENT_PROJECT_VERSION = 1;
				DEVELOPMENT_ASSET_PATHS = "\"VacationinVegas/Preview Content\"";
				DEVELOPMENT_TEAM = 7Z94ZUPP46;
				ENABLE_PREVIEWS = YES;
				GENERATE_INFOPLIST_FILE = YES;
				INFOPLIST_KEY_UIApplicationSceneManifest_Generation = YES;
				INFOPLIST_KEY_UIApplicationSupportsIndirectInputEvents = YES;
				INFOPLIST_KEY_UILaunchScreen_Generation = YES;
				INFOPLIST_KEY_UISupportedInterfaceOrientations_iPad = "UIInterfaceOrientationPortrait UIInterfaceOrientationPortraitUpsideDown UIInterfaceOrientationLandscapeLeft UIInterfaceOrientationLandscapeRight";
				INFOPLIST_KEY_UISupportedInterfaceOrientations_iPhone = "UIInterfaceOrientationPortrait UIInterfaceOrientationLandscapeLeft UIInterfaceOrientationLandscapeRight";
				LD_RUNPATH_SEARCH_PATHS = (
					"$(inherited)",
					"@executable_path/Frameworks",
				);
				MARKETING_VERSION = 1.0;
				PRODUCT_BUNDLE_IDENTIFIER = ellearz.VacationinVegas;
				PRODUCT_NAME = "$(TARGET_NAME)";
				SWIFT_EMIT_LOC_STRINGS = YES;
				SWIFT_VERSION = 5.0;
				TARGETED_DEVICE_FAMILY = "1,2";
			};
			name = Release;
		};
		B6D219542C789620009B82A0 /* Debug */ = {
			isa = XCBuildConfiguration;
			buildSettings = {
				ALWAYS_EMBED_SWIFT_STANDARD_LIBRARIES = YES;
				BUNDLE_LOADER = "$(TEST_HOST)";
				CODE_SIGN_STYLE = Automatic;
				CURRENT_PROJECT_VERSION = 1;
				DEVELOPMENT_TEAM = 7Z94ZUPP46;
				GENERATE_INFOPLIST_FILE = YES;
				IPHONEOS_DEPLOYMENT_TARGET = 17.5;
				MARKETING_VERSION = 1.0;
				PRODUCT_BUNDLE_IDENTIFIER = ellearz.VacationinVegasTests;
				PRODUCT_NAME = "$(TARGET_NAME)";
				SWIFT_EMIT_LOC_STRINGS = NO;
				SWIFT_VERSION = 5.0;
				TARGETED_DEVICE_FAMILY = "1,2";
				TEST_HOST = "$(BUILT_PRODUCTS_DIR)/VacationinVegas.app/$(BUNDLE_EXECUTABLE_FOLDER_PATH)/VacationinVegas";
			};
			name = Debug;
		};
		B6D219552C789620009B82A0 /* Release */ = {
			isa = XCBuildConfiguration;
			buildSettings = {
				ALWAYS_EMBED_SWIFT_STANDARD_LIBRARIES = YES;
				BUNDLE_LOADER = "$(TEST_HOST)";
				CODE_SIGN_STYLE = Automatic;
				CURRENT_PROJECT_VERSION = 1;
				DEVELOPMENT_TEAM = 7Z94ZUPP46;
				GENERATE_INFOPLIST_FILE = YES;
				IPHONEOS_DEPLOYMENT_TARGET = 17.5;
				MARKETING_VERSION = 1.0;
				PRODUCT_BUNDLE_IDENTIFIER = ellearz.VacationinVegasTests;
				PRODUCT_NAME = "$(TARGET_NAME)";
				SWIFT_EMIT_LOC_STRINGS = NO;
				SWIFT_VERSION = 5.0;
				TARGETED_DEVICE_FAMILY = "1,2";
				TEST_HOST = "$(BUILT_PRODUCTS_DIR)/VacationinVegas.app/$(BUNDLE_EXECUTABLE_FOLDER_PATH)/VacationinVegas";
			};
			name = Release;
		};
		B6D219572C789620009B82A0 /* Debug */ = {
			isa = XCBuildConfiguration;
			buildSettings = {
				ALWAYS_EMBED_SWIFT_STANDARD_LIBRARIES = YES;
				CODE_SIGN_STYLE = Automatic;
				CURRENT_PROJECT_VERSION = 1;
				DEVELOPMENT_TEAM = 7Z94ZUPP46;
				GENERATE_INFOPLIST_FILE = YES;
				MARKETING_VERSION = 1.0;
				PRODUCT_BUNDLE_IDENTIFIER = ellearz.VacationinVegasUITests;
				PRODUCT_NAME = "$(TARGET_NAME)";
				SWIFT_EMIT_LOC_STRINGS = NO;
				SWIFT_VERSION = 5.0;
				TARGETED_DEVICE_FAMILY = "1,2";
				TEST_TARGET_NAME = VacationinVegas;
			};
			name = Debug;
		};
		B6D219582C789620009B82A0 /* Release */ = {
			isa = XCBuildConfiguration;
			buildSettings = {
				ALWAYS_EMBED_SWIFT_STANDARD_LIBRARIES = YES;
				CODE_SIGN_STYLE = Automatic;
				CURRENT_PROJECT_VERSION = 1;
				DEVELOPMENT_TEAM = 7Z94ZUPP46;
				GENERATE_INFOPLIST_FILE = YES;
				MARKETING_VERSION = 1.0;
				PRODUCT_BUNDLE_IDENTIFIER = ellearz.VacationinVegasUITests;
				PRODUCT_NAME = "$(TARGET_NAME)";
				SWIFT_EMIT_LOC_STRINGS = NO;
				SWIFT_VERSION = 5.0;
				TARGETED_DEVICE_FAMILY = "1,2";
				TEST_TARGET_NAME = VacationinVegas;
			};
			name = Release;
		};
/* End XCBuildConfiguration section */

/* Begin XCConfigurationList section */
		B6D219272C78961D009B82A0 /* Build configuration list for PBXProject "VacationinVegas" */ = {
			isa = XCConfigurationList;
			buildConfigurations = (
				B6D2194E2C789620009B82A0 /* Debug */,
				B6D2194F2C789620009B82A0 /* Release */,
			);
			defaultConfigurationIsVisible = 0;
			defaultConfigurationName = Release;
		};
		B6D219502C789620009B82A0 /* Build configuration list for PBXNativeTarget "VacationinVegas" */ = {
			isa = XCConfigurationList;
			buildConfigurations = (
				B6D219512C789620009B82A0 /* Debug */,
				B6D219522C789620009B82A0 /* Release */,
			);
			defaultConfigurationIsVisible = 0;
			defaultConfigurationName = Release;
		};
		B6D219532C789620009B82A0 /* Build configuration list for PBXNativeTarget "VacationinVegasTests" */ = {
			isa = XCConfigurationList;
			buildConfigurations = (
				B6D219542C789620009B82A0 /* Debug */,
				B6D219552C789620009B82A0 /* Release */,
			);
			defaultConfigurationIsVisible = 0;
			defaultConfigurationName = Release;
		};
		B6D219562C789620009B82A0 /* Build configuration list for PBXNativeTarget "VacationinVegasUITests" */ = {
			isa = XCConfigurationList;
			buildConfigurations = (
				B6D219572C789620009B82A0 /* Debug */,
				B6D219582C789620009B82A0 /* Release */,
			);
			defaultConfigurationIsVisible = 0;
			defaultConfigurationName = Release;
		};
/* End XCConfigurationList section */
	};
	rootObject = B6D219242C78961D009B82A0 /* Project object */;
}
